
Microsoft Visual Studio Solution File, Format Version 12.00
# Visual Studio Version 16
VisualStudioVersion = 16.0.32126.315
MinimumVisualStudioVersion = 10.0.40219.1
Project("{FAE04EC0-301F-11D3-BF4B-00C04F79EFBC}") = "Homework_Task_Fiqur", "Homework_Task_Fiqur\Homework_Task_Fiqur.csproj", "{1D9827BD-997F-4D9D-A0D6-496376FC636E}"
EndProject
Global
	GlobalSection(SolutionConfigurationPlatforms) = preSolution
		Debug|Any CPU = Debug|Any CPU
		Release|Any CPU = Release|Any CPU
	EndGlobalSection
	GlobalSection(ProjectConfigurationPlatforms) = postSolution
		{1D9827BD-997F-4D9D-A0D6-496376FC636E}.Debug|Any CPU.ActiveCfg = Debug|Any CPU
		{1D9827BD-997F-4D9D-A0D6-496376FC636E}.Debug|Any CPU.Build.0 = Debug|Any CPU
		{1D9827BD-997F-4D9D-A0D6-496376FC636E}.Release|Any CPU.ActiveCfg = Release|Any CPU
		{1D9827BD-997F-4D9D-A0D6-496376FC636E}.Release|Any CPU.Build.0 = Release|Any CPU
	EndGlobalSection
	GlobalSection(SolutionProperties) = preSolution
		HideSolutionNode = FALSE
	EndGlobalSection
	GlobalSection(ExtensibilityGlobals) = postSolution
		SolutionGuid = {ABC30A5C-7455-425D-8DEF-841578AA08F7}
	EndGlobalSection
EndGlobal
